// !$*UTF8*$!
{
	archiveVersion = 1;
	classes = {
	};
	objectVersion = 77;
	objects = {

/* Begin PBXBuildFile section */
		457F5FC12F8C845B009F4A5D /* DemoKit in Frameworks */ = {isa = PBXBuildFile; productRef = 457F5FC02F8C845B009F4A5D /* DemoKit */; };
		457F5FC42F8C8554009F4A5D /* Interaction3D in Frameworks */ = {isa = PBXBuildFile; productRef = 457F5FC32F8C8554009F4A5D /* Interaction3D */; };
		45B171292E8447A7003BD63A /* MetalSprockets in Frameworks */ = {isa = PBXBuildFile; productRef = 45B171282E8447A7003BD63A /* MetalSprockets */; };
		45B1712B2E8447A7003BD63A /* MetalSprocketsUI in Frameworks */ = {isa = PBXBuildFile; productRef = 45B1712A2E8447A7003BD63A /* MetalSprocketsUI */; };
		45D747DF2F8C836F00A4AB15 /* MetalSprocketsAddOns in Frameworks */ = {isa = PBXBuildFile; productRef = 45D747DE2F8C836F00A4AB15 /* MetalSprocketsAddOns */; };
/* End PBXBuildFile section */

/* Begin PBXFileReference section */
		45C80D312E84475800136D6D /* MetalSprocketsAddOnsDemo.app */ = {isa = PBXFileReference; explicitFileType = wrapper.application; includeInIndex = 0; path = MetalSprocketsAddOnsDemo.app; sourceTree = BUILT_PRODUCTS_DIR; };
/* End PBXFileReference section */

/* Begin PBXFileSystemSynchronizedBuildFileExceptionSet section */
		4528E8B42EF5FDDB00EC19C3 /* Exceptions for "MetalSprocketsAddOnsDemo" folder in "MetalSprocketsAddOnsDemo" target */ = {
			isa = PBXFileSystemSynchronizedBuildFileExceptionSet;
			membershipExceptions = (
				Info.plist,
			);
			target = 45C80D302E84475800136D6D /* MetalSprocketsAddOnsDemo */;
		};
		45CFGEXC2F64AAB2005F944D /* Exceptions for "Configuration" folder in "MetalSprocketsAddOnsDemo" target */ = {
			isa = PBXFileSystemSynchronizedBuildFileExceptionSet;
			membershipExceptions = (
				"MetalSprocketsAddOnsDemo-Debug.xcconfig",
				"MetalSprocketsAddOnsDemo-Release.xcconfig",
				"MetalSprocketsAddOnsDemo-Shared.xcconfig",
				"Project-Debug.xcconfig",
				"Project-Release.xcconfig",
				"Project-Shared.xcconfig",
			);
			target = 45C80D302E84475800136D6D /* MetalSprocketsAddOnsDemo */;
		};
/* End PBXFileSystemSynchronizedBuildFileExceptionSet section */

/* Begin PBXFileSystemSynchronizedRootGroup section */
		45C80D332E84475800136D6D /* MetalSprocketsAddOnsDemo */ = {
			isa = PBXFileSystemSynchronizedRootGroup;
			exceptions = (
				4528E8B42EF5FDDB00EC19C3 /* Exceptions for "MetalSprocketsAddOnsDemo" folder in "MetalSprocketsAddOnsDemo" target */,
			);
			path = MetalSprocketsAddOnsDemo;
			sourceTree = "<group>";
		};
		45CFGGRP2F64AA9A005F944D /* Configuration */ = {
			isa = PBXFileSystemSynchronizedRootGroup;
			exceptions = (
				45CFGEXC2F64AAB2005F944D /* Exceptions for "Configuration" folder in "MetalSprocketsAddOnsDemo" target */,
			);
			path = Configuration;
			sourceTree = "<group>";
		};
/* End PBXFileSystemSynchronizedRootGroup section */

/* Begin PBXFrameworksBuildPhase section */
		45C80D2E2E84475800136D6D /* Frameworks */ = {
			isa = PBXFrameworksBuildPhase;
			buildActionMask = 2147483647;
			files = (
				457F5FC12F8C845B009F4A5D /* DemoKit in Frameworks */,
				45D747DF2F8C836F00A4AB15 /* MetalSprocketsAddOns in Frameworks */,
				457F5FC42F8C8554009F4A5D /* Interaction3D in Frameworks */,
				45B1712B2E8447A7003BD63A /* MetalSprocketsUI in Frameworks */,
				45B171292E8447A7003BD63A /* MetalSprockets in Frameworks */,
			);
			runOnlyForDeploymentPostprocessing = 0;
		};
/* End PBXFrameworksBuildPhase section */

/* Begin PBXGroup section */
		45C80D282E84475800136D6D = {
			isa = PBXGroup;
			children = (
				45CFGGRP2F64AA9A005F944D /* Configuration */,
				45C80D332E84475800136D6D /* MetalSprocketsAddOnsDemo */,
				45C80D322E84475800136D6D /* Products */,
			);
			sourceTree = "<group>";
		};
		45C80D322E84475800136D6D /* Products */ = {
			isa = PBXGroup;
			children = (
				45C80D312E84475800136D6D /* MetalSprocketsAddOnsDemo.app */,
			);
			name = Products;
			sourceTree = "<group>";
		};
/* End PBXGroup section */

/* Begin PBXNativeTarget section */
		45C80D302E84475800136D6D /* MetalSprocketsAddOnsDemo */ = {
			isa = PBXNativeTarget;
			buildConfigurationList = 45C80D3C2E84475800136D6D /* Build configuration list for PBXNativeTarget "MetalSprocketsAddOnsDemo" */;
			buildPhases = (
				45C80D2D2E84475800136D6D /* Sources */,
				45C80D2E2E84475800136D6D /* Frameworks */,
				45C80D2F2E84475800136D6D /* Resources */,
			);
			buildRules = (
			);
			dependencies = (
			);
			fileSystemSynchronizedGroups = (
				45C80D332E84475800136D6D /* MetalSprocketsAddOnsDemo */,
				45CFGGRP2F64AA9A005F944D /* Configuration */,
			);
			name = MetalSprocketsAddOnsDemo;
			packageProductDependencies = (
				45B171282E8447A7003BD63A /* MetalSprockets */,
				45B1712A2E8447A7003BD63A /* MetalSprocketsUI */,
				45D747DE2F8C836F00A4AB15 /* MetalSprocketsAddOns */,
				457F5FC02F8C845B009F4A5D /* DemoKit */,
				457F5FC32F8C8554009F4A5D /* Interaction3D */,
			);
			productName = MetalSprocketsAddOnsDemo;
			productReference = 45C80D312E84475800136D6D /* MetalSprocketsAddOnsDemo.app */;
			productType = "com.apple.product-type.application";
		};
/* End PBXNativeTarget section */

/* Begin PBXProject section */
		45C80D292E84475800136D6D /* Project object */ = {
			isa = PBXProject;
			attributes = {
				BuildIndependentTargetsInParallel = 1;
				LastSwiftUpdateCheck = 2600;
				LastUpgradeCheck = 2600;
				TargetAttributes = {
					45C80D302E84475800136D6D = {
						CreatedOnToolsVersion = 26.0.1;
					};
				};
			};
			buildConfigurationList = 45C80D2C2E84475800136D6D /* Build configuration list for PBXProject "MetalSprocketsAddOnsDemo" */;
			developmentRegion = en;
			hasScannedForEncodings = 0;
			knownRegions = (
				en,
				Base,
			);
			mainGroup = 45C80D282E84475800136D6D;
			minimizedProjectReferenceProxies = 1;
			packageReferences = (
				45D747DD2F8C836F00A4AB15 /* XCLocalSwiftPackageReference ".." */,
				457F5FBF2F8C845B009F4A5D /* XCRemoteSwiftPackageReference "DemoKit" */,
				457F5FC22F8C8554009F4A5D /* XCRemoteSwiftPackageReference "Interaction3D" */,
			);
			preferredProjectObjectVersion = 77;
			productRefGroup = 45C80D322E84475800136D6D /* Products */;
			projectDirPath = "";
			projectRoot = "";
			targets = (
				45C80D302E84475800136D6D /* MetalSprocketsAddOnsDemo */,
			);
		};
/* End PBXProject section */

/* Begin PBXResourcesBuildPhase section */
		45C80D2F2E84475800136D6D /* Resources */ = {
			isa = PBXResourcesBuildPhase;
			buildActionMask = 2147483647;
			files = (
			);
			runOnlyForDeploymentPostprocessing = 0;
		};
/* End PBXResourcesBuildPhase section */

/* Begin PBXSourcesBuildPhase section */
		45C80D2D2E84475800136D6D /* Sources */ = {
			isa = PBXSourcesBuildPhase;
			buildActionMask = 2147483647;
			files = (
			);
			runOnlyForDeploymentPostprocessing = 0;
		};
/* End PBXSourcesBuildPhase section */

/* Begin XCBuildConfiguration section */
		45C80D3A2E84475800136D6D /* Debug */ = {
			isa = XCBuildConfiguration;
			baseConfigurationReferenceAnchor = 45CFGGRP2F64AA9A005F944D /* Configuration */;
			baseConfigurationReferenceRelativePath = "Project-Debug.xcconfig";
			buildSettings = {
				DEVELOPMENT_TEAM = XXXXXXXXXX;
			};
			name = Debug;
		};
		45C80D3B2E84475800136D6D /* Release */ = {
			isa = XCBuildConfiguration;
			baseConfigurationReferenceAnchor = 45CFGGRP2F64AA9A005F944D /* Configuration */;
			baseConfigurationReferenceRelativePath = "Project-Release.xcconfig";
			buildSettings = {
				DEVELOPMENT_TEAM = XXXXXXXXXX;
			};
			name = Release;
		};
		45C80D3D2E84475800136D6D /* Debug */ = {
			isa = XCBuildConfiguration;
			baseConfigurationReferenceAnchor = 45CFGGRP2F64AA9A005F944D /* Configuration */;
			baseConfigurationReferenceRelativePath = "MetalSprocketsAddOnsDemo-Debug.xcconfig";
			buildSettings = {
			};
			name = Debug;
		};
		45C80D3E2E84475800136D6D /* Release */ = {
			isa = XCBuildConfiguration;
			baseConfigurationReferenceAnchor = 45CFGGRP2F64AA9A005F944D /* Configuration */;
			baseConfigurationReferenceRelativePath = "MetalSprocketsAddOnsDemo-Release.xcconfig";
			buildSettings = {
			};
			name = Release;
		};
/* End XCBuildConfiguration section */

/* Begin XCConfigurationList section */
		45C80D2C2E84475800136D6D /* Build configuration list for PBXProject "MetalSprocketsAddOnsDemo" */ = {
			isa = XCConfigurationList;
			buildConfigurations = (
				45C80D3A2E84475800136D6D /* Debug */,
				45C80D3B2E84475800136D6D /* Release */,
			);
			defaultConfigurationIsVisible = 0;
			defaultConfigurationName = Release;
		};
		45C80D3C2E84475800136D6D /* Build configuration list for PBXNativeTarget "MetalSprocketsAddOnsDemo" */ = {
			isa = XCConfigurationList;
			buildConfigurations = (
				45C80D3D2E84475800136D6D /* Debug */,
				45C80D3E2E84475800136D6D /* Release */,
			);
			defaultConfigurationIsVisible = 0;
			defaultConfigurationName = Release;
		};
/* End XCConfigurationList section */

/* Begin XCLocalSwiftPackageReference section */
		45D747DD2F8C836F00A4AB15 /* XCLocalSwiftPackageReference ".." */ = {
			isa = XCLocalSwiftPackageReference;
			relativePath = ..;
		};
/* End XCLocalSwiftPackageReference section */

/* Begin XCRemoteSwiftPackageReference section */
		457F5FBF2F8C845B009F4A5D /* XCRemoteSwiftPackageReference "DemoKit" */ = {
			isa = XCRemoteSwiftPackageReference;
			repositoryURL = "https://github.com/schwa/DemoKit";
			requirement = {
				kind = upToNextMajorVersion;
				minimumVersion = 0.1.3;
			};
		};
		457F5FC22F8C8554009F4A5D /* XCRemoteSwiftPackageReference "Interaction3D" */ = {
			isa = XCRemoteSwiftPackageReference;
			repositoryURL = "https://github.com/schwa/Interaction3D";
			requirement = {
				branch = main;
				kind = branch;
			};
		};
/* End XCRemoteSwiftPackageReference section */

/* Begin XCSwiftPackageProductDependency section */
		457F5FC02F8C845B009F4A5D /* DemoKit */ = {
			isa = XCSwiftPackageProductDependency;
			package = 457F5FBF2F8C845B009F4A5D /* XCRemoteSwiftPackageReference "DemoKit" */;
			productName = DemoKit;
		};
		457F5FC32F8C8554009F4A5D /* Interaction3D */ = {
			isa = XCSwiftPackageProductDependency;
			package = 457F5FC22F8C8554009F4A5D /* XCRemoteSwiftPackageReference "Interaction3D" */;
			productName = Interaction3D;
		};
		45B171282E8447A7003BD63A /* MetalSprockets */ = {
			isa = XCSwiftPackageProductDependency;
			productName = MetalSprockets;
		};
		45B1712A2E8447A7003BD63A /* MetalSprocketsUI */ = {
			isa = XCSwiftPackageProductDependency;
			productName = MetalSprocketsUI;
		};
		45D747DE2F8C836F00A4AB15 /* MetalSprocketsAddOns */ = {
			isa = XCSwiftPackageProductDependency;
			productName = MetalSprocketsAddOns;
		};
/* End XCSwiftPackageProductDependency section */
	};
	rootObject = 45C80D292E84475800136D6D /* Project object */;
}
